
Microsoft Visual Studio Solution File, Format Version 12.00
# Visual Studio Version 16
VisualStudioVersion = 16.0.29728.190
MinimumVisualStudioVersion = 10.0.40219.1
Project("{FAE04EC0-301F-11D3-BF4B-00C04F79EFBC}") = "WPF_DemoExam_11_5_2022", "WPF_DemoExam_11_5_2022\WPF_DemoExam_11_5_2022.csproj", "{85132EC1-21DE-45F9-B850-D68BE1F82090}"
EndProject
Global
	GlobalSection(SolutionConfigurationPlatforms) = preSolution
		Debug|Any CPU = Debug|Any CPU
		Release|Any CPU = Release|Any CPU
	EndGlobalSection
	GlobalSection(ProjectConfigurationPlatforms) = postSolution
		{85132EC1-21DE-45F9-B850-D68BE1F82090}.Debug|Any CPU.ActiveCfg = Debug|Any CPU
		{85132EC1-21DE-45F9-B850-D68BE1F82090}.Debug|Any CPU.Build.0 = Debug|Any CPU
		{85132EC1-21DE-45F9-B850-D68BE1F82090}.Release|Any CPU.ActiveCfg = Release|Any CPU
		{85132EC1-21DE-45F9-B850-D68BE1F82090}.Release|Any CPU.Build.0 = Release|Any CPU
	EndGlobalSection
	GlobalSection(SolutionProperties) = preSolution
		HideSolutionNode = FALSE
	EndGlobalSection
	GlobalSection(ExtensibilityGlobals) = postSolution
		SolutionGuid = {02A61A08-CEC6-47D2-8C86-5D2A940F39B8}
	EndGlobalSection
EndGlobal
